// !$*UTF8*$!
{
	archiveVersion = 1;
	classes = {
	};
	objectVersion = 55;
	objects = {

/* Begin PBXBuildFile section */
		7368B14D290845BB00DB654E /* Bird_FinderApp.swift in Sources */ = {isa = PBXBuildFile; fileRef = 7368B14C290845BB00DB654E /* Bird_FinderApp.swift */; };
		7368B14F290845BB00DB654E /* ContentView.swift in Sources */ = {isa = PBXBuildFile; fileRef = 7368B14E290845BB00DB654E /* ContentView.swift */; };
		7368B151290845BC00DB654E /* Assets.xcassets in Resources */ = {isa = PBXBuildFile; fileRef = 7368B150290845BC00DB654E /* Assets.xcassets */; };
		7368B154290845BC00DB654E /* Preview Assets.xcassets in Resources */ = {isa = PBXBuildFile; fileRef = 7368B153290845BC00DB654E /* Preview Assets.xcassets */; };
		7368B15C290847EE00DB654E /* URLDecode.swift in Sources */ = {isa = PBXBuildFile; fileRef = 7368B15B290847EE00DB654E /* URLDecode.swift */; };
		7368B15F2908492C00DB654E /* APIGiter.swift in Sources */ = {isa = PBXBuildFile; fileRef = 7368B15E2908492C00DB654E /* APIGiter.swift */; };
		7368B161290881D300DB654E /* HotSpot.swift in Sources */ = {isa = PBXBuildFile; fileRef = 7368B160290881D300DB654E /* HotSpot.swift */; };
/* End PBXBuildFile section */

/* Begin PBXFileReference section */
		7368B149290845BB00DB654E /* Bird Finder.app */ = {isa = PBXFileReference; explicitFileType = wrapper.application; includeInIndex = 0; path = "Bird Finder.app"; sourceTree = BUILT_PRODUCTS_DIR; };
		7368B14C290845BB00DB654E /* Bird_FinderApp.swift */ = {isa = PBXFileReference; lastKnownFileType = sourcecode.swift; path = Bird_FinderApp.swift; sourceTree = "<group>"; };
		7368B14E290845BB00DB654E /* ContentView.swift */ = {isa = PBXFileReference; lastKnownFileType = sourcecode.swift; path = ContentView.swift; sourceTree = "<group>"; };
		7368B150290845BC00DB654E /* Assets.xcassets */ = {isa = PBXFileReference; lastKnownFileType = folder.assetcatalog; path = Assets.xcassets; sourceTree = "<group>"; };
		7368B153290845BC00DB654E /* Preview Assets.xcassets */ = {isa = PBXFileReference; lastKnownFileType = folder.assetcatalog; path = "Preview Assets.xcassets"; sourceTree = "<group>"; };
		7368B15B290847EE00DB654E /* URLDecode.swift */ = {isa = PBXFileReference; lastKnownFileType = sourcecode.swift; path = URLDecode.swift; sourceTree = "<group>"; };
		7368B15E2908492C00DB654E /* APIGiter.swift */ = {isa = PBXFileReference; lastKnownFileType = sourcecode.swift; path = APIGiter.swift; sourceTree = "<group>"; };
		7368B160290881D300DB654E /* HotSpot.swift */ = {isa = PBXFileReference; lastKnownFileType = sourcecode.swift; path = HotSpot.swift; sourceTree = "<group>"; };
/* End PBXFileReference section */

/* Begin PBXFrameworksBuildPhase section */
		7368B146290845BB00DB654E /* Frameworks */ = {
			isa = PBXFrameworksBuildPhase;
			buildActionMask = 2147483647;
			files = (
			);
			runOnlyForDeploymentPostprocessing = 0;
		};
/* End PBXFrameworksBuildPhase section */

/* Begin PBXGroup section */
		7368B140290845BB00DB654E = {
			isa = PBXGroup;
			children = (
				7368B14B290845BB00DB654E /* Bird Finder */,
				7368B14A290845BB00DB654E /* Products */,
			);
			sourceTree = "<group>";
		};
		7368B14A290845BB00DB654E /* Products */ = {
			isa = PBXGroup;
			children = (
				7368B149290845BB00DB654E /* Bird Finder.app */,
			);
			name = Products;
			sourceTree = "<group>";
		};
		7368B14B290845BB00DB654E /* Bird Finder */ = {
			isa = PBXGroup;
			children = (
				7368B14C290845BB00DB654E /* Bird_FinderApp.swift */,
				7368B14E290845BB00DB654E /* ContentView.swift */,
				7368B15A2908479D00DB654E /* URLDownload */,
				7368B162290881D800DB654E /* Model */,
				7368B150290845BC00DB654E /* Assets.xcassets */,
				7368B152290845BC00DB654E /* Preview Content */,
			);
			path = "Bird Finder";
			sourceTree = "<group>";
		};
		7368B152290845BC00DB654E /* Preview Content */ = {
			isa = PBXGroup;
			children = (
				7368B153290845BC00DB654E /* Preview Assets.xcassets */,
			);
			path = "Preview Content";
			sourceTree = "<group>";
		};
		7368B15A2908479D00DB654E /* URLDownload */ = {
			isa = PBXGroup;
			children = (
				7368B15B290847EE00DB654E /* URLDecode.swift */,
				7368B15E2908492C00DB654E /* APIGiter.swift */,
			);
			path = URLDownload;
			sourceTree = "<group>";
		};
		7368B162290881D800DB654E /* Model */ = {
			isa = PBXGroup;
			children = (
				7368B160290881D300DB654E /* HotSpot.swift */,
			);
			path = Model;
			sourceTree = "<group>";
		};
/* End PBXGroup section */

/* Begin PBXNativeTarget section */
		7368B148290845BB00DB654E /* Bird Finder */ = {
			isa = PBXNativeTarget;
			buildConfigurationList = 7368B157290845BC00DB654E /* Build configuration list for PBXNativeTarget "Bird Finder" */;
			buildPhases = (
				7368B145290845BB00DB654E /* Sources */,
				7368B146290845BB00DB654E /* Frameworks */,
				7368B147290845BB00DB654E /* Resources */,
			);
			buildRules = (
			);
			dependencies = (
			);
			name = "Bird Finder";
			productName = "Bird Finder";
			productReference = 7368B149290845BB00DB654E /* Bird Finder.app */;
			productType = "com.apple.product-type.application";
		};
/* End PBXNativeTarget section */

/* Begin PBXProject section */
		7368B141290845BB00DB654E /* Project object */ = {
			isa = PBXProject;
			attributes = {
				BuildIndependentTargetsInParallel = 1;
				LastSwiftUpdateCheck = 1340;
				LastUpgradeCheck = 1340;
				TargetAttributes = {
					7368B148290845BB00DB654E = {
						CreatedOnToolsVersion = 13.4.1;
					};
				};
			};
			buildConfigurationList = 7368B144290845BB00DB654E /* Build configuration list for PBXProject "Bird Finder" */;
			compatibilityVersion = "Xcode 13.0";
			developmentRegion = en;
			hasScannedForEncodings = 0;
			knownRegions = (
				en,
				Base,
			);
			mainGroup = 7368B140290845BB00DB654E;
			productRefGroup = 7368B14A290845BB00DB654E /* Products */;
			projectDirPath = "";
			projectRoot = "";
			targets = (
				7368B148290845BB00DB654E /* Bird Finder */,
			);
		};
/* End PBXProject section */

/* Begin PBXResourcesBuildPhase section */
		7368B147290845BB00DB654E /* Resources */ = {
			isa = PBXResourcesBuildPhase;
			buildActionMask = 2147483647;
			files = (
				7368B154290845BC00DB654E /* Preview Assets.xcassets in Resources */,
				7368B151290845BC00DB654E /* Assets.xcassets in Resources */,
			);
			runOnlyForDeploymentPostprocessing = 0;
		};
/* End PBXResourcesBuildPhase section */

/* Begin PBXSourcesBuildPhase section */
		7368B145290845BB00DB654E /* Sources */ = {
			isa = PBXSourcesBuildPhase;
			buildActionMask = 2147483647;
			files = (
				7368B15C290847EE00DB654E /* URLDecode.swift in Sources */,
				7368B14F290845BB00DB654E /* ContentView.swift in Sources */,
				7368B15F2908492C00DB654E /* APIGiter.swift in Sources */,
				7368B14D290845BB00DB654E /* Bird_FinderApp.swift in Sources */,
				7368B161290881D300DB654E /* HotSpot.swift in Sources */,
			);
			runOnlyForDeploymentPostprocessing = 0;
		};
/* End PBXSourcesBuildPhase section */

/* Begin XCBuildConfiguration section */
		7368B155290845BC00DB654E /* Debug */ = {
			isa = XCBuildConfiguration;
			buildSettings = {
				ALWAYS_SEARCH_USER_PATHS = NO;
				CLANG_ANALYZER_NONNULL = YES;
				CLANG_ANALYZER_NUMBER_OBJECT_CONVERSION = YES_AGGRESSIVE;
				CLANG_CXX_LANGUAGE_STANDARD = "gnu++17";
				CLANG_ENABLE_MODULES = YES;
				CLANG_ENABLE_OBJC_ARC = YES;
				CLANG_ENABLE_OBJC_WEAK = YES;
				CLANG_WARN_BLOCK_CAPTURE_AUTORELEASING = YES;
				CLANG_WARN_BOOL_CONVERSION = YES;
				CLANG_WARN_COMMA = YES;
				CLANG_WARN_CONSTANT_CONVERSION = YES;
				CLANG_WARN_DEPRECATED_OBJC_IMPLEMENTATIONS = YES;
				CLANG_WARN_DIRECT_OBJC_ISA_USAGE = YES_ERROR;
				CLANG_WARN_DOCUMENTATION_COMMENTS = YES;
				CLANG_WARN_EMPTY_BODY = YES;
				CLANG_WARN_ENUM_CONVERSION = YES;
				CLANG_WARN_INFINITE_RECURSION = YES;
				CLANG_WARN_INT_CONVERSION = YES;
				CLANG_WARN_NON_LITERAL_NULL_CONVERSION = YES;
				CLANG_WARN_OBJC_IMPLICIT_RETAIN_SELF = YES;
				CLANG_WARN_OBJC_LITERAL_CONVERSION = YES;
				CLANG_WARN_OBJC_ROOT_CLASS = YES_ERROR;
				CLANG_WARN_QUOTED_INCLUDE_IN_FRAMEWORK_HEADER = YES;
				CLANG_WARN_RANGE_LOOP_ANALYSIS = YES;
				CLANG_WARN_STRICT_PROTOTYPES = YES;
				CLANG_WARN_SUSPICIOUS_MOVE = YES;
				CLANG_WARN_UNGUARDED_AVAILABILITY = YES_AGGRESSIVE;
				CLANG_WARN_UNREACHABLE_CODE = YES;
				CLANG_WARN__DUPLICATE_METHOD_MATCH = YES;
				COPY_PHASE_STRIP = NO;
				DEBUG_INFORMATION_FORMAT = dwarf;
				ENABLE_STRICT_OBJC_MSGSEND = YES;
				ENABLE_TESTABILITY = YES;
				GCC_C_LANGUAGE_STANDARD = gnu11;
				GCC_DYNAMIC_NO_PIC = NO;
				GCC_NO_COMMON_BLOCKS = YES;
				GCC_OPTIMIZATION_LEVEL = 0;
				GCC_PREPROCESSOR_DEFINITIONS = (
					"DEBUG=1",
					"$(inherited)",
				);
				GCC_WARN_64_TO_32_BIT_CONVERSION = YES;
				GCC_WARN_ABOUT_RETURN_TYPE = YES_ERROR;
				GCC_WARN_UNDECLARED_SELECTOR = YES;
				GCC_WARN_UNINITIALIZED_AUTOS = YES_AGGRESSIVE;
				GCC_WARN_UNUSED_FUNCTION = YES;
				GCC_WARN_UNUSED_VARIABLE = YES;
				IPHONEOS_DEPLOYMENT_TARGET = 15.5;
				MTL_ENABLE_DEBUG_INFO = INCLUDE_SOURCE;
				MTL_FAST_MATH = YES;
				ONLY_ACTIVE_ARCH = YES;
				SDKROOT = iphoneos;
				SWIFT_ACTIVE_COMPILATION_CONDITIONS = DEBUG;
				SWIFT_OPTIMIZATION_LEVEL = "-Onone";
			};
			name = Debug;
		};
		7368B156290845BC00DB654E /* Release */ = {
			isa = XCBuildConfiguration;
			buildSettings = {
				ALWAYS_SEARCH_USER_PATHS = NO;
				CLANG_ANALYZER_NONNULL = YES;
				CLANG_ANALYZER_NUMBER_OBJECT_CONVERSION = YES_AGGRESSIVE;
				CLANG_CXX_LANGUAGE_STANDARD = "gnu++17";
				CLANG_ENABLE_MODULES = YES;
				CLANG_ENABLE_OBJC_ARC = YES;
				CLANG_ENABLE_OBJC_WEAK = YES;
				CLANG_WARN_BLOCK_CAPTURE_AUTORELEASING = YES;
				CLANG_WARN_BOOL_CONVERSION = YES;
				CLANG_WARN_COMMA = YES;
				CLANG_WARN_CONSTANT_CONVERSION = YES;
				CLANG_WARN_DEPRECATED_OBJC_IMPLEMENTATIONS = YES;
				CLANG_WARN_DIRECT_OBJC_ISA_USAGE = YES_ERROR;
				CLANG_WARN_DOCUMENTATION_COMMENTS = YES;
				CLANG_WARN_EMPTY_BODY = YES;
				CLANG_WARN_ENUM_CONVERSION = YES;
				CLANG_WARN_INFINITE_RECURSION = YES;
				CLANG_WARN_INT_CONVERSION = YES;
				CLANG_WARN_NON_LITERAL_NULL_CONVERSION = YES;
				CLANG_WARN_OBJC_IMPLICIT_RETAIN_SELF = YES;
				CLANG_WARN_OBJC_LITERAL_CONVERSION = YES;
				CLANG_WARN_OBJC_ROOT_CLASS = YES_ERROR;
				CLANG_WARN_QUOTED_INCLUDE_IN_FRAMEWORK_HEADER = YES;
				CLANG_WARN_RANGE_LOOP_ANALYSIS = YES;
				CLANG_WARN_STRICT_PROTOTYPES = YES;
				CLANG_WARN_SUSPICIOUS_MOVE = YES;
				CLANG_WARN_UNGUARDED_AVAILABILITY = YES_AGGRESSIVE;
				CLANG_WARN_UNREACHABLE_CODE = YES;
				CLANG_WARN__DUPLICATE_METHOD_MATCH = YES;
				COPY_PHASE_STRIP = NO;
				DEBUG_INFORMATION_FORMAT = "dwarf-with-dsym";
				ENABLE_NS_ASSERTIONS = NO;
				ENABLE_STRICT_OBJC_MSGSEND = YES;
				GCC_C_LANGUAGE_STANDARD = gnu11;
				GCC_NO_COMMON_BLOCKS = YES;
				GCC_WARN_64_TO_32_BIT_CONVERSION = YES;
				GCC_WARN_ABOUT_RETURN_TYPE = YES_ERROR;
				GCC_WARN_UNDECLARED_SELECTOR = YES;
				GCC_WARN_UNINITIALIZED_AUTOS = YES_AGGRESSIVE;
				GCC_WARN_UNUSED_FUNCTION = YES;
				GCC_WARN_UNUSED_VARIABLE = YES;
				IPHONEOS_DEPLOYMENT_TARGET = 15.5;
				MTL_ENABLE_DEBUG_INFO = NO;
				MTL_FAST_MATH = YES;
				SDKROOT = iphoneos;
				SWIFT_COMPILATION_MODE = wholemodule;
				SWIFT_OPTIMIZATION_LEVEL = "-O";
				VALIDATE_PRODUCT = YES;
			};
			name = Release;
		};
		7368B158290845BC00DB654E /* Debug */ = {
			isa = XCBuildConfiguration;
			buildSettings = {
				ASSETCATALOG_COMPILER_APPICON_NAME = AppIcon;
				ASSETCATALOG_COMPILER_GLOBAL_ACCENT_COLOR_NAME = AccentColor;
				CODE_SIGN_STYLE = Automatic;
				CURRENT_PROJECT_VERSION = 1;
				DEVELOPMENT_ASSET_PATHS = "\"Bird Finder/Preview Content\"";
				DEVELOPMENT_TEAM = F4APFPN2XP;
				ENABLE_PREVIEWS = YES;
				GENERATE_INFOPLIST_FILE = YES;
				INFOPLIST_KEY_UIApplicationSceneManifest_Generation = YES;
				INFOPLIST_KEY_UIApplicationSupportsIndirectInputEvents = YES;
				INFOPLIST_KEY_UILaunchScreen_Generation = YES;
				INFOPLIST_KEY_UISupportedInterfaceOrientations_iPad = "UIInterfaceOrientationPortrait UIInterfaceOrientationPortraitUpsideDown UIInterfaceOrientationLandscapeLeft UIInterfaceOrientationLandscapeRight";
				INFOPLIST_KEY_UISupportedInterfaceOrientations_iPhone = "UIInterfaceOrientationPortrait UIInterfaceOrientationLandscapeLeft UIInterfaceOrientationLandscapeRight";
				LD_RUNPATH_SEARCH_PATHS = (
					"$(inherited)",
					"@executable_path/Frameworks",
				);
				MARKETING_VERSION = 1.0;
				PRODUCT_BUNDLE_IDENTIFIER = "me.bradyrobshaw.Bird-Finder";
				PRODUCT_NAME = "$(TARGET_NAME)";
				SWIFT_EMIT_LOC_STRINGS = YES;
				SWIFT_VERSION = 5.0;
				TARGETED_DEVICE_FAMILY = "1,2";
			};
			name = Debug;
		};
		7368B159290845BC00DB654E /* Release */ = {
			isa = XCBuildConfiguration;
			buildSettings = {
				ASSETCATALOG_COMPILER_APPICON_NAME = AppIcon;
				ASSETCATALOG_COMPILER_GLOBAL_ACCENT_COLOR_NAME = AccentColor;
				CODE_SIGN_STYLE = Automatic;
				CURRENT_PROJECT_VERSION = 1;
				DEVELOPMENT_ASSET_PATHS = "\"Bird Finder/Preview Content\"";
				DEVELOPMENT_TEAM = F4APFPN2XP;
				ENABLE_PREVIEWS = YES;
				GENERATE_INFOPLIST_FILE = YES;
				INFOPLIST_KEY_UIApplicationSceneManifest_Generation = YES;
				INFOPLIST_KEY_UIApplicationSupportsIndirectInputEvents = YES;
				INFOPLIST_KEY_UILaunchScreen_Generation = YES;
				INFOPLIST_KEY_UISupportedInterfaceOrientations_iPad = "UIInterfaceOrientationPortrait UIInterfaceOrientationPortraitUpsideDown UIInterfaceOrientationLandscapeLeft UIInterfaceOrientationLandscapeRight";
				INFOPLIST_KEY_UISupportedInterfaceOrientations_iPhone = "UIInterfaceOrientationPortrait UIInterfaceOrientationLandscapeLeft UIInterfaceOrientationLandscapeRight";
				LD_RUNPATH_SEARCH_PATHS = (
					"$(inherited)",
					"@executable_path/Frameworks",
				);
				MARKETING_VERSION = 1.0;
				PRODUCT_BUNDLE_IDENTIFIER = "me.bradyrobshaw.Bird-Finder";
				PRODUCT_NAME = "$(TARGET_NAME)";
				SWIFT_EMIT_LOC_STRINGS = YES;
				SWIFT_VERSION = 5.0;
				TARGETED_DEVICE_FAMILY = "1,2";
			};
			name = Release;
		};
/* End XCBuildConfiguration section */

/* Begin XCConfigurationList section */
		7368B144290845BB00DB654E /* Build configuration list for PBXProject "Bird Finder" */ = {
			isa = XCConfigurationList;
			buildConfigurations = (
				7368B155290845BC00DB654E /* Debug */,
				7368B156290845BC00DB654E /* Release */,
			);
			defaultConfigurationIsVisible = 0;
			defaultConfigurationName = Release;
		};
		7368B157290845BC00DB654E /* Build configuration list for PBXNativeTarget "Bird Finder" */ = {
			isa = XCConfigurationList;
			buildConfigurations = (
				7368B158290845BC00DB654E /* Debug */,
				7368B159290845BC00DB654E /* Release */,
			);
			defaultConfigurationIsVisible = 0;
			defaultConfigurationName = Release;
		};
/* End XCConfigurationList section */
	};
	rootObject = 7368B141290845BB00DB654E /* Project object */;
}
